
Microsoft Visual Studio Solution File, Format Version 12.00
# Visual Studio Version 17
VisualStudioVersion = 17.5.33627.172
MinimumVisualStudioVersion = 10.0.40219.1
Project("{9A19103F-16F7-4668-BE54-9A1E7A4F7556}") = "UtilizationReports.API", "UtilizationReports\UtilizationReports.API.csproj", "{5B9A3A26-2072-41A2-844E-8387FE88F12D}"
EndProject
Project("{9A19103F-16F7-4668-BE54-9A1E7A4F7556}") = "UtilizationReports.UnitTests", "UtilizationReports.UnitTests\UtilizationReports.UnitTests.csproj", "{FAA0F283-0E81-449C-87D6-A38EEE25ACE0}"
EndProject
Project("{FAE04EC0-301F-11D3-BF4B-00C04F79EFBC}") = "UtilizationReports.IntegrationTests", "UtilizationReports.IntegrationTests\UtilizationReports.IntegrationTests.csproj", "{1702240F-C6F5-4C65-9240-DE7D31D6299D}"
EndProject
Global
	GlobalSection(SolutionConfigurationPlatforms) = preSolution
		Debug|Any CPU = Debug|Any CPU
		Release|Any CPU = Release|Any CPU
	EndGlobalSection
	GlobalSection(ProjectConfigurationPlatforms) = postSolution
		{5B9A3A26-2072-41A2-844E-8387FE88F12D}.Debug|Any CPU.ActiveCfg = Debug|Any CPU
		{5B9A3A26-2072-41A2-844E-8387FE88F12D}.Debug|Any CPU.Build.0 = Debug|Any CPU
		{5B9A3A26-2072-41A2-844E-8387FE88F12D}.Release|Any CPU.ActiveCfg = Release|Any CPU
		{5B9A3A26-2072-41A2-844E-8387FE88F12D}.Release|Any CPU.Build.0 = Release|Any CPU
		{FAA0F283-0E81-449C-87D6-A38EEE25ACE0}.Debug|Any CPU.ActiveCfg = Debug|Any CPU
		{FAA0F283-0E81-449C-87D6-A38EEE25ACE0}.Debug|Any CPU.Build.0 = Debug|Any CPU
		{FAA0F283-0E81-449C-87D6-A38EEE25ACE0}.Release|Any CPU.ActiveCfg = Release|Any CPU
		{FAA0F283-0E81-449C-87D6-A38EEE25ACE0}.Release|Any CPU.Build.0 = Release|Any CPU
		{1702240F-C6F5-4C65-9240-DE7D31D6299D}.Debug|Any CPU.ActiveCfg = Debug|Any CPU
		{1702240F-C6F5-4C65-9240-DE7D31D6299D}.Debug|Any CPU.Build.0 = Debug|Any CPU
		{1702240F-C6F5-4C65-9240-DE7D31D6299D}.Release|Any CPU.ActiveCfg = Release|Any CPU
		{1702240F-C6F5-4C65-9240-DE7D31D6299D}.Release|Any CPU.Build.0 = Release|Any CPU
	EndGlobalSection
	GlobalSection(SolutionProperties) = preSolution
		HideSolutionNode = FALSE
	EndGlobalSection
	GlobalSection(ExtensibilityGlobals) = postSolution
		SolutionGuid = {7E1150B0-DC0A-4095-93C7-5A52848CA02E}
	EndGlobalSection
EndGlobal
